
Microsoft Visual Studio Solution File, Format Version 12.00
# Visual Studio Version 17
VisualStudioVersion = 17.4.33122.133
MinimumVisualStudioVersion = 10.0.40219.1
Project("{FAE04EC0-301F-11D3-BF4B-00C04F79EFBC}") = "MinerGame", "MinerGame\MinerGame.csproj", "{FDD433C6-B003-4187-91A1-86B3D450B785}"
EndProject
Project("{FAE04EC0-301F-11D3-BF4B-00C04F79EFBC}") = "Miner", "Miner\Miner.csproj", "{C4665452-0BDD-4341-B095-6310B4873C9C}"
EndProject
Project("{FAE04EC0-301F-11D3-BF4B-00C04F79EFBC}") = "MinerTests", "UnitTestProject1\MinerTests.csproj", "{B96AE8DE-1028-4A75-B916-FFA23BC0FCC6}"
EndProject
Project("{FAE04EC0-301F-11D3-BF4B-00C04F79EFBC}") = "UPDController", "UPDController\UPDController.csproj", "{F5054F43-C64C-438E-80D7-1A8112519D47}"
EndProject
Global
	GlobalSection(SolutionConfigurationPlatforms) = preSolution
		Debug|Any CPU = Debug|Any CPU
		Release|Any CPU = Release|Any CPU
	EndGlobalSection
	GlobalSection(ProjectConfigurationPlatforms) = postSolution
		{FDD433C6-B003-4187-91A1-86B3D450B785}.Debug|Any CPU.ActiveCfg = Debug|Any CPU
		{FDD433C6-B003-4187-91A1-86B3D450B785}.Debug|Any CPU.Build.0 = Debug|Any CPU
		{FDD433C6-B003-4187-91A1-86B3D450B785}.Release|Any CPU.ActiveCfg = Release|Any CPU
		{FDD433C6-B003-4187-91A1-86B3D450B785}.Release|Any CPU.Build.0 = Release|Any CPU
		{C4665452-0BDD-4341-B095-6310B4873C9C}.Debug|Any CPU.ActiveCfg = Debug|Any CPU
		{C4665452-0BDD-4341-B095-6310B4873C9C}.Debug|Any CPU.Build.0 = Debug|Any CPU
		{C4665452-0BDD-4341-B095-6310B4873C9C}.Release|Any CPU.ActiveCfg = Release|Any CPU
		{C4665452-0BDD-4341-B095-6310B4873C9C}.Release|Any CPU.Build.0 = Release|Any CPU
		{B96AE8DE-1028-4A75-B916-FFA23BC0FCC6}.Debug|Any CPU.ActiveCfg = Debug|Any CPU
		{B96AE8DE-1028-4A75-B916-FFA23BC0FCC6}.Debug|Any CPU.Build.0 = Debug|Any CPU
		{B96AE8DE-1028-4A75-B916-FFA23BC0FCC6}.Release|Any CPU.ActiveCfg = Release|Any CPU
		{B96AE8DE-1028-4A75-B916-FFA23BC0FCC6}.Release|Any CPU.Build.0 = Release|Any CPU
		{F5054F43-C64C-438E-80D7-1A8112519D47}.Debug|Any CPU.ActiveCfg = Debug|Any CPU
		{F5054F43-C64C-438E-80D7-1A8112519D47}.Debug|Any CPU.Build.0 = Debug|Any CPU
		{F5054F43-C64C-438E-80D7-1A8112519D47}.Release|Any CPU.ActiveCfg = Release|Any CPU
		{F5054F43-C64C-438E-80D7-1A8112519D47}.Release|Any CPU.Build.0 = Release|Any CPU
	EndGlobalSection
	GlobalSection(SolutionProperties) = preSolution
		HideSolutionNode = FALSE
	EndGlobalSection
	GlobalSection(ExtensibilityGlobals) = postSolution
		SolutionGuid = {2225FD34-4111-4ED5-9E6E-8EB991CE4F67}
	EndGlobalSection
EndGlobal
